lockfileVersion: '9.0'

settings:
  autoInstallPeers: true
  excludeLinksFromLockfile: false

importers:

  .:
    dependencies:
      '@anthropic-ai/sdk':
        specifier: ^0.20.0
        version: 0.20.9
      '@octokit/rest':
        specifier: ^20.0.0
        version: 20.1.2
      chalk:
        specifier: ^5.0.0
        version: 5.6.2
      commander:
        specifier: ^12.0.0
        version: 12.1.0
      openai:
        specifier: ^4.0.0
        version: 4.104.0
    devDependencies:
      '@types/node':
        specifier: ^20.0.0
        version: 20.19.37
      c8:
        specifier: ^11.0.0
        version: 11.0.0
      tsx:
        specifier: ^4.0.0
        version: 4.21.0
      typescript:
        specifier: ^5.0.0
        version: 5.9.3

packages:

  '@anthropic-ai/sdk@0.20.9':
    resolution: {integrity: sha512-Lq74+DhiEQO6F9/gdVOLmHx57pX45ebK2Q/zH14xYe1157a7QeUVknRqIp0Jz5gQI01o7NKbuv9Dag2uQsLjDg==}

  '@bcoe/v8-coverage@1.0.2':
    resolution: {integrity: sha512-6zABk/ECA/QYSCQ1NGiVwwbQerUCZ+TQbp64Q3AgmfNvurHH0j8TtXa1qbShXA6qqkpAj4V5W8pP6mLe1mcMqA==}
    engines: {node: '>=18'}

  '@esbuild/aix-ppc64@0.27.5':
    resolution: {integrity: sha512-nGsF/4C7uzUj+Nj/4J+Zt0bYQ6bz33Phz8Lb2N80Mti1HjGclTJdXZ+9APC4kLvONbjxN1zfvYNd8FEcbBK/MQ==}
    engines: {node: '>=18'}
    cpu: [ppc64]
    os: [aix]

  '@esbuild/android-arm64@0.27.5':
    resolution: {integrity: sha512-Oeghq+XFgh1pUGd1YKs4DDoxzxkoUkvko+T/IVKwlghKLvvjbGFB3ek8VEDBmNvqhwuL0CQS3cExdzpmUyIrgA==}
    engines: {node: '>=18'}
    cpu: [arm64]
    os: [android]

  '@esbuild/android-arm@0.27.5':
    resolution: {integrity: sha512-Cv781jd0Rfj/paoNrul1/r4G0HLvuFKYh7C9uHZ2Pl8YXstzvCyyeWENTFR9qFnRzNMCjXmsulZuvosDg10Mog==}
    engines: {node: '>=18'}
    cpu: [arm]
    os: [android]

  '@esbuild/android-x64@0.27.5':
    resolution: {integrity: sha512-nQD7lspbzerlmtNOxYMFAGmhxgzn8Z7m9jgFkh6kpkjsAhZee1w8tJW3ZlW+N9iRePz0oPUDrYrXidCPSImD0Q==}
    engines: {node: '>=18'}
    cpu: [x64]
    os: [android]

  '@esbuild/darwin-arm64@0.27.5':
    resolution: {integrity: sha512-I+Ya/MgC6rr8oRWGRDF3BXDfP8K1BVUggHqN6VI2lUZLdDi1IM1v2cy0e3lCPbP+pVcK3Tv8cgUhHse1kaNZZw==}
    engines: {node: '>=18'}
    cpu: [arm64]
    os: [darwin]

  '@esbuild/darwin-x64@0.27.5':
    resolution: {integrity: sha512-MCjQUtC8wWJn/pIPM7vQaO69BFgwPD1jriEdqwTCKzWjGgkMbcg+M5HzrOhPhuYe1AJjXlHmD142KQf+jnYj8A==}
    engines: {node: '>=18'}
    cpu: [x64]
    os: [darwin]

  '@esbuild/freebsd-arm64@0.27.5':
    resolution: {integrity: sha512-X6xVS+goSH0UelYXnuf4GHLwpOdc8rgK/zai+dKzBMnncw7BTQIwquOodE7EKvY2UVUetSqyAfyZC1D+oqLQtg==}
    engines: {node: '>=18'}
    cpu: [arm64]
    os: [freebsd]

  '@esbuild/freebsd-x64@0.27.5':
    resolution: {integrity: sha512-233X1FGo3a8x1ekLB6XT69LfZ83vqz+9z3TSEQCTYfMNY880A97nr81KbPcAMl9rmOFp11wO0dP+eB18KU/Ucg==}
    engines: {node: '>=18'}
    cpu: [x64]
    os: [freebsd]

  '@esbuild/linux-arm64@0.27.5':
    resolution: {integrity: sha512-euKkilsNOv7x/M1NKsx5znyprbpsRFIzTV6lWziqJch7yWYayfLtZzDxDTl+LSQDJYAjd9TVb/Kt5UKIrj2e4A==}
    engines: {node: '>=18'}
    cpu: [arm64]
    os: [linux]

  '@esbuild/linux-arm@0.27.5':
    resolution: {integrity: sha512-0wkVrYHG4sdCCN/bcwQ7yYMXACkaHc3UFeaEOwSVW6e5RycMageYAFv+JS2bKLwHyeKVUvtoVH+5/RHq0fgeFw==}
    engines: {node: '>=18'}
    cpu: [arm]
    os: [linux]

  '@esbuild/linux-ia32@0.27.5':
    resolution: {integrity: sha512-hVRQX4+P3MS36NxOy24v/Cdsimy/5HYePw+tmPqnNN1fxV0bPrFWR6TMqwXPwoTM2VzbkA+4lbHWUKDd5ZDA/w==}
    engines: {node: '>=18'}
    cpu: [ia32]
    os: [linux]

  '@esbuild/linux-loong64@0.27.5':
    resolution: {integrity: sha512-mKqqRuOPALI8nDzhOBmIS0INvZOOFGGg5n1osGIXAx8oersceEbKd4t1ACNTHM3sJBXGFAlEgqM+svzjPot+ZQ==}
    engines: {node: '>=18'}
    cpu: [loong64]
    os: [linux]

  '@esbuild/linux-mips64el@0.27.5':
    resolution: {integrity: sha512-EE/QXH9IyaAj1qeuIV5+/GZkBTipgGO782Ff7Um3vPS9cvLhJJeATy4Ggxikz2inZ46KByamMn6GqtqyVjhenA==}
    engines: {node: '>=18'}
    cpu: [mips64el]
    os: [linux]

  '@esbuild/linux-ppc64@0.27.5':
    resolution: {integrity: sha512-0V2iF1RGxBf1b7/BjurA5jfkl7PtySjom1r6xOK2q9KWw/XCpAdtB6KNMO+9xx69yYfSCRR9FE0TyKfHA2eQMw==}
    engines: {node: '>=18'}
    cpu: [ppc64]
    os: [linux]

  '@esbuild/linux-riscv64@0.27.5':
    resolution: {integrity: sha512-rYxThBx6G9HN6tFNuvB/vykeLi4VDsm5hE5pVwzqbAjZEARQrWu3noZSfbEnPZ/CRXP3271GyFk/49up2W190g==}
    engines: {node: '>=18'}
    cpu: [riscv64]
    os: [linux]

  '@esbuild/linux-s390x@0.27.5':
    resolution: {integrity: sha512-uEP2q/4qgd8goEUc4QIdU/1P2NmEtZ/zX5u3OpLlCGhJIuBIv0s0wr7TB2nBrd3/A5XIdEkkS5ZLF0ULuvaaYQ==}
    engines: {node: '>=18'}
    cpu: [s390x]
    os: [linux]

  '@esbuild/linux-x64@0.27.5':
    resolution: {integrity: sha512-+Gq47Wqq6PLOOZuBzVSII2//9yyHNKZLuwfzCemqexqOQCSz0zy0O26kIzyp9EMNMK+nZ0tFHBZrCeVUuMs/ew==}
    engines: {node: '>=18'}
    cpu: [x64]
    os: [linux]

  '@esbuild/netbsd-arm64@0.27.5':
    resolution: {integrity: sha512-3F/5EG8VHfN/I+W5cO1/SV2H9Q/5r7vcHabMnBqhHK2lTWOh3F8vixNzo8lqxrlmBtZVFpW8pmITHnq54+Tq4g==}
    engines: {node: '>=18'}
    cpu: [arm64]
    os: [netbsd]

  '@esbuild/netbsd-x64@0.27.5':
    resolution: {integrity: sha512-28t+Sj3CPN8vkMOlZotOmDgilQwVvxWZl7b8rxpn73Tt/gCnvrHxQUMng4uu3itdFvrtba/1nHejvxqz8xgEMA==}
    engines: {node: '>=18'}
    cpu: [x64]
    os: [netbsd]

  '@esbuild/openbsd-arm64@0.27.5':
    resolution: {integrity: sha512-Doz/hKtiuVAi9hMsBMpwBANhIZc8l238U2Onko3t2xUp8xtM0ZKdDYHMnm/qPFVthY8KtxkXaocwmMh6VolzMA==}
    engines: {node: '>=18'}
    cpu: [arm64]
    os: [openbsd]

  '@esbuild/openbsd-x64@0.27.5':
    resolution: {integrity: sha512-WfGVaa1oz5A7+ZFPkERIbIhKT4olvGl1tyzTRaB5yoZRLqC0KwaO95FeZtOdQj/oKkjW57KcVF944m62/0GYtA==}
    engines: {node: '>=18'}
    cpu: [x64]
    os: [openbsd]

  '@esbuild/openharmony-arm64@0.27.5':
    resolution: {integrity: sha512-Xh+VRuh6OMh3uJ0JkCjI57l+DVe7VRGBYymen8rFPnTVgATBwA6nmToxM2OwTlSvrnWpPKkrQUj93+K9huYC6A==}
    engines: {node: '>=18'}
    cpu: [arm64]
    os: [openharmony]

  '@esbuild/sunos-x64@0.27.5':
    resolution: {integrity: sha512-aC1gpJkkaUADHuAdQfuVTnqVUTLqqUNhAvEwHwVWcnVVZvNlDPGA0UveZsfXJJ9T6k9Po4eHi3c02gbdwO3g6w==}
    engines: {node: '>=18'}
    cpu: [x64]
    os: [sunos]

  '@esbuild/win32-arm64@0.27.5':
    resolution: {integrity: sha512-0UNx2aavV0fk6UpZcwXFLztA2r/k9jTUa7OW7SAea1VYUhkug99MW1uZeXEnPn5+cHOd0n8myQay6TlFnBR07w==}
    engines: {node: '>=18'}
    cpu: [arm64]
    os: [win32]

  '@esbuild/win32-ia32@0.27.5':
    resolution: {integrity: sha512-5nlJ3AeJWCTSzR7AEqVjT/faWyqKU86kCi1lLmxVqmNR+j4HrYdns+eTGjS/vmrzCIe8inGQckUadvS0+JkKdQ==}
    engines: {node: '>=18'}
    cpu: [ia32]
    os: [win32]

  '@esbuild/win32-x64@0.27.5':
    resolution: {integrity: sha512-PWypQR+d4FLfkhBIV+/kHsUELAnMpx1bRvvsn3p+/sAERbnCzFrtDRG2Xw5n+2zPxBK2+iaP+vetsRl4Ti7WgA==}
    engines: {node: '>=18'}
    cpu: [x64]
    os: [win32]

  '@istanbuljs/schema@0.1.3':
    resolution: {integrity: sha512-ZXRY4jNvVgSVQ8DL3LTcakaAtXwTVUxE81hslsyD2AtoXW/wVob10HkOJ1X/pAlcI7D+2YoZKg5do8G/w6RYgA==}
    engines: {node: '>=8'}

  '@jridgewell/resolve-uri@3.1.2':
    resolution: {integrity: sha512-bRISgCIjP20/tbWSPWMEi54QVPRZExkuD9lJL+UIxUKtwVJA8wW1Trb1jMs1RFXo1CBTNZ/5hpC9QvmKWdopKw==}
    engines: {node: '>=6.0.0'}

  '@jridgewell/sourcemap-codec@1.5.5':
    resolution: {integrity: sha512-cYQ9310grqxueWbl+WuIUIaiUaDcj7WOq5fVhEljNVgRfOUhY9fy2zTvfoqWsnebh8Sl70VScFbICvJnLKB0Og==}

  '@jridgewell/trace-mapping@0.3.31':
    resolution: {integrity: sha512-zzNR+SdQSDJzc8joaeP8QQoCQr8NuYx2dIIytl1QeBEZHJ9uW6hebsrYgbz8hJwUQao3TWCMtmfV8Nu1twOLAw==}

  '@octokit/auth-token@4.0.0':
    resolution: {integrity: sha512-tY/msAuJo6ARbK6SPIxZrPBms3xPbfwBrulZe0Wtr/DIY9lje2HeV1uoebShn6mx7SjCHif6EjMvoREj+gZ+SA==}
    engines: {node: '>= 18'}

  '@octokit/core@5.2.2':
    resolution: {integrity: sha512-/g2d4sW9nUDJOMz3mabVQvOGhVa4e/BN/Um7yca9Bb2XTzPPnfTWHWQg+IsEYO7M3Vx+EXvaM/I2pJWIMun1bg==}
    engines: {node: '>= 18'}

  '@octokit/endpoint@9.0.6':
    resolution: {integrity: sha512-H1fNTMA57HbkFESSt3Y9+FBICv+0jFceJFPWDePYlR/iMGrwM5ph+Dd4XRQs+8X+PUFURLQgX9ChPfhJ/1uNQw==}
    engines: {node: '>= 18'}

  '@octokit/graphql@7.1.1':
    resolution: {integrity: sha512-3mkDltSfcDUoa176nlGoA32RGjeWjl3K7F/BwHwRMJUW/IteSa4bnSV8p2ThNkcIcZU2umkZWxwETSSCJf2Q7g==}
    engines: {node: '>= 18'}

  '@octokit/openapi-types@24.2.0':
    resolution: {integrity: sha512-9sIH3nSUttelJSXUrmGzl7QUBFul0/mB8HRYl3fOlgHbIWG+WnYDXU3v/2zMtAvuzZ/ed00Ei6on975FhBfzrg==}

  '@octokit/plugin-paginate-rest@11.4.4-cjs.2':
    resolution: {integrity: sha512-2dK6z8fhs8lla5PaOTgqfCGBxgAv/le+EhPs27KklPhm1bKObpu6lXzwfUEQ16ajXzqNrKMujsFyo9K2eaoISw==}
    engines: {node: '>= 18'}
    peerDependencies:
      '@octokit/core': '5'

  '@octokit/plugin-request-log@4.0.1':
    resolution: {integrity: sha512-GihNqNpGHorUrO7Qa9JbAl0dbLnqJVrV8OXe2Zm5/Y4wFkZQDfTreBzVmiRfJVfE4mClXdihHnbpyyO9FSX4HA==}
    engines: {node: '>= 18'}
    peerDependencies:
      '@octokit/core': '5'

  '@octokit/plugin-rest-endpoint-methods@13.3.2-cjs.1':
    resolution: {integrity: sha512-VUjIjOOvF2oELQmiFpWA1aOPdawpyaCUqcEBc/UOUnj3Xp6DJGrJ1+bjUIIDzdHjnFNO6q57ODMfdEZnoBkCwQ==}
    engines: {node: '>= 18'}
    peerDependencies:
      '@octokit/core': ^5

  '@octokit/request-error@5.1.1':
    resolution: {integrity: sha512-v9iyEQJH6ZntoENr9/yXxjuezh4My67CBSu9r6Ve/05Iu5gNgnisNWOsoJHTP6k0Rr0+HQIpnH+kyammu90q/g==}
    engines: {node: '>= 18'}

  '@octokit/request@8.4.1':
    resolution: {integrity: sha512-qnB2+SY3hkCmBxZsR/MPCybNmbJe4KAlfWErXq+rBKkQJlbjdJeS85VI9r8UqeLYLvnAenU8Q1okM/0MBsAGXw==}
    engines: {node: '>= 18'}

  '@octokit/rest@20.1.2':
    resolution: {integrity: sha512-GmYiltypkHHtihFwPRxlaorG5R9VAHuk/vbszVoRTGXnAsY60wYLkh/E2XiFmdZmqrisw+9FaazS1i5SbdWYgA==}
    engines: {node: '>= 18'}

  '@octokit/types@13.10.0':
    resolution: {integrity: sha512-ifLaO34EbbPj0Xgro4G5lP5asESjwHracYJvVaPIyXMuiuXLlhic3S47cBdTb+jfODkTE5YtGCLt3Ay3+J97sA==}

  '@types/istanbul-lib-coverage@2.0.6':
    resolution: {integrity: sha512-2QF/t/auWm0lsy8XtKVPG19v3sSOQlJe/YHZgfjb/KBBHOGSV+J2q/S671rcq9uTBrLAXmZpqJiaQbMT+zNU1w==}

  '@types/node-fetch@2.6.13':
    resolution: {integrity: sha512-QGpRVpzSaUs30JBSGPjOg4Uveu384erbHBoT1zeONvyCfwQxIkUshLAOqN/k9EjGviPRmWTTe6aH2qySWKTVSw==}

  '@types/node@18.19.130':
    resolution: {integrity: sha512-GRaXQx6jGfL8sKfaIDD6OupbIHBr9jv7Jnaml9tB7l4v068PAOXqfcujMMo5PhbIs6ggR1XODELqahT2R8v0fg==}

  '@types/node@20.19.37':
    resolution: {integrity: sha512-8kzdPJ3FsNsVIurqBs7oodNnCEVbni9yUEkaHbgptDACOPW04jimGagZ51E6+lXUwJjgnBw+hyko/lkFWCldqw==}

  abort-controller@3.0.0:
    resolution: {integrity: sha512-h8lQ8tacZYnR3vNQTgibj+tODHI5/+l06Au2Pcriv/Gmet0eaj4TwWH41sO9wnHDiQsEj19q0drzdWdeAHtweg==}
    engines: {node: '>=6.5'}

  agentkeepalive@4.6.0:
    resolution: {integrity: sha512-kja8j7PjmncONqaTsB8fQ+wE2mSU2DJ9D4XKoJ5PFWIdRMa6SLSN1ff4mOr4jCbfRSsxR4keIiySJU0N9T5hIQ==}
    engines: {node: '>= 8.0.0'}

  ansi-regex@5.0.1:
    resolution: {integrity: sha512-quJQXlTSUGL2LH9SUXo8VwsY4soanhgo6LNSm84E1LBcE8s3O0wpdiRzyR9z/ZZJMlMWv37qOOb9pdJlMUEKFQ==}
    engines: {node: '>=8'}

  ansi-styles@4.3.0:
    resolution: {integrity: sha512-zbB9rCJAT1rbjiVDb2hqKFHNYLxgtk8NURxZ3IZwD3F6NtxbXZQCnnSi1Lkx+IDohdPlFp222wVALIheZJQSEg==}
    engines: {node: '>=8'}

  asynckit@0.4.0:
    resolution: {integrity: sha512-Oei9OH4tRh0YqU3GxhX79dM/mwVgvbZJaSNaRk+bshkj0S5cfHcgYakreBjrHwatXKbz+IoIdYLxrKim2MjW0Q==}

  balanced-match@4.0.4:
    resolution: {integrity: sha512-BLrgEcRTwX2o6gGxGOCNyMvGSp35YofuYzw9h1IMTRmKqttAZZVU67bdb9Pr2vUHA8+j3i2tJfjO6C6+4myGTA==}
    engines: {node: 18 || 20 || >=22}

  before-after-hook@2.2.3:
    resolution: {integrity: sha512-NzUnlZexiaH/46WDhANlyR2bXRopNg4F/zuSA3OpZnllCUgRaOF2znDioDWrmbNVsuZk6l9pMquQB38cfBZwkQ==}

  brace-expansion@5.0.5:
    resolution: {integrity: sha512-VZznLgtwhn+Mact9tfiwx64fA9erHH/MCXEUfB/0bX/6Fz6ny5EGTXYltMocqg4xFAQZtnO3DHWWXi8RiuN7cQ==}
    engines: {node: 18 || 20 || >=22}

  c8@11.0.0:
    resolution: {integrity: sha512-e/uRViGHSVIJv7zsaDKM7VRn2390TgHXqUSvYwPHBQaU6L7E9L0n9JbdkwdYPvshDT0KymBmmlwSpms3yBaMNg==}
    engines: {node: 20 || >=22}
    hasBin: true
    peerDependencies:
      monocart-coverage-reports: ^2
    peerDependenciesMeta:
      monocart-coverage-reports:
        optional: true

  call-bind-apply-helpers@1.0.2:
    resolution: {integrity: sha512-Sp1ablJ0ivDkSzjcaJdxEunN5/XvksFJ2sMBFfq6x0ryhQV/2b/KwFe21cMpmHtPOSij8K99/wSfoEuTObmuMQ==}
    engines: {node: '>= 0.4'}

  chalk@5.6.2:
    resolution: {integrity: sha512-7NzBL0rN6fMUW+f7A6Io4h40qQlG+xGmtMxfbnH/K7TAtt8JQWVQK+6g0UXKMeVJoyV5EkkNsErQ8pVD3bLHbA==}
    engines: {node: ^12.17.0 || ^14.13 || >=16.0.0}

  cliui@8.0.1:
    resolution: {integrity: sha512-BSeNnyus75C4//NQ9gQt1/csTXyo/8Sb+afLAkzAptFuMsod9HFokGNudZpi/oQV73hnVK+sR+5PVRMd+Dr7YQ==}
    engines: {node: '>=12'}

  color-convert@2.0.1:
    resolution: {integrity: sha512-RRECPsj7iu/xb5oKYcsFHSppFNnsj/52OVTRKb4zP5onXwVF3zVmmToNcOfGC+CRDpfK/U584fMg38ZHCaElKQ==}
    engines: {node: '>=7.0.0'}

  color-name@1.1.4:
    resolution: {integrity: sha512-dOy+3AuW3a2wNbZHIuMZpTcgjGuLU/uBL/ubcZF9OXbDo8ff4O8yVp5Bf0efS8uEoYo5q4Fx7dY9OgQGXgAsQA==}

  combined-stream@1.0.8:
    resolution: {integrity: sha512-FQN4MRfuJeHf7cBbBMJFXhKSDq+2kAArBlmRBvcvFE5BB1HZKXtSFASDhdlz9zOYwxh8lDdnvmMOe/+5cdoEdg==}
    engines: {node: '>= 0.8'}

  commander@12.1.0:
    resolution: {integrity: sha512-Vw8qHK3bZM9y/P10u3Vib8o/DdkvA2OtPtZvD871QKjy74Wj1WSKFILMPRPSdUSx5RFK1arlJzEtA4PkFgnbuA==}
    engines: {node: '>=18'}

  convert-source-map@2.0.0:
    resolution: {integrity: sha512-Kvp459HrV2FEJ1CAsi1Ku+MY3kasH19TFykTz2xWmMeq6bk2NU3XXvfJ+Q61m0xktWwt+1HSYf3JZsTms3aRJg==}

  cross-spawn@7.0.6:
    resolution: {integrity: sha512-uV2QOWP2nWzsy2aMp8aRibhi9dlzF5Hgh5SHaB9OiTGEyDTiJJyx0uy51QXdyWbtAHNua4XJzUKca3OzKUd3vA==}
    engines: {node: '>= 8'}

  delayed-stream@1.0.0:
    resolution: {integrity: sha512-ZySD7Nf91aLB0RxL4KGrKHBXl7Eds1DAmEdcoVawXnLD7SDhpNgtuII2aAkg7a7QS41jxPSZ17p4VdGnMHk3MQ==}
    engines: {node: '>=0.4.0'}

  deprecation@2.3.1:
    resolution: {integrity: sha512-xmHIy4F3scKVwMsQ4WnVaS8bHOx0DmVwRywosKhaILI0ywMDWPtBSku2HNxRvF7jtwDRsoEwYQSfbxj8b7RlJQ==}

  dunder-proto@1.0.1:
    resolution: {integrity: sha512-KIN/nDJBQRcXw0MLVhZE9iQHmG68qAVIBg9CqmUYjmQIhgij9U5MFvrqkUL5FbtyyzZuOeOt0zdeRe4UY7ct+A==}
    engines: {node: '>= 0.4'}

  emoji-regex@8.0.0:
    resolution: {integrity: sha512-MSjYzcWNOA0ewAHpz0MxpYFvwg6yjy1NG3xteoqz644VCo/RPgnr1/GGt+ic3iJTzQ8Eu3TdM14SawnVUmGE6A==}

  es-define-property@1.0.1:
    resolution: {integrity: sha512-e3nRfgfUZ4rNGL232gUgX06QNyyez04KdjFrF+LTRoOXmrOgFKDg4BCdsjW8EnT69eqdYGmRpJwiPVYNrCaW3g==}
    engines: {node: '>= 0.4'}

  es-errors@1.3.0:
    resolution: {integrity: sha512-Zf5H2Kxt2xjTvbJvP2ZWLEICxA6j+hAmMzIlypy4xcBg1vKVnx89Wy0GbS+kf5cwCVFFzdCFh2XSCFNULS6csw==}
    engines: {node: '>= 0.4'}

  es-object-atoms@1.1.1:
    resolution: {integrity: sha512-FGgH2h8zKNim9ljj7dankFPcICIK9Cp5bm+c2gQSYePhpaG5+esrLODihIorn+Pe6FGJzWhXQotPv73jTaldXA==}
    engines: {node: '>= 0.4'}

  es-set-tostringtag@2.1.0:
    resolution: {integrity: sha512-j6vWzfrGVfyXxge+O0x5sh6cvxAog0a/4Rdd2K36zCMV5eJ+/+tOAngRO8cODMNWbVRdVlmGZQL2YS3yR8bIUA==}
    engines: {node: '>= 0.4'}

  esbuild@0.27.5:
    resolution: {integrity: sha512-zdQoHBjuDqKsvV5OPaWansOwfSQ0Js+Uj9J85TBvj3bFW1JjWTSULMRwdQAc8qMeIScbClxeMK0jlrtB9linhA==}
    engines: {node: '>=18'}
    hasBin: true

  escalade@3.2.0:
    resolution: {integrity: sha512-WUj2qlxaQtO4g6Pq5c29GTcWGDyd8itL8zTlipgECz3JesAiiOKotd8JU6otB3PACgG6xkJUyVhboMS+bje/jA==}
    engines: {node: '>=6'}

  event-target-shim@5.0.1:
    resolution: {integrity: sha512-i/2XbnSz/uxRCU6+NdVJgKWDTM427+MqYbkQzD321DuCQJUqOuJKIA0IM2+W2xtYHdKOmZ4dR6fExsd4SXL+WQ==}
    engines: {node: '>=6'}

  find-up@5.0.0:
    resolution: {integrity: sha512-78/PXT1wlLLDgTzDs7sjq9hzz0vXD+zn+7wypEe4fXQxCmdmqfGsEPQxmiCSQI3ajFV91bVSsvNtrJRiW6nGng==}
    engines: {node: '>=10'}

  foreground-child@3.3.1:
    resolution: {integrity: sha512-gIXjKqtFuWEgzFRJA9WCQeSJLZDjgJUOMCMzxtvFq/37KojM1BFGufqsCy0r4qSQmYLsZYMeyRqzIWOMup03sw==}
    engines: {node: '>=14'}

  form-data-encoder@1.7.2:
    resolution: {integrity: sha512-qfqtYan3rxrnCk1VYaA4H+Ms9xdpPqvLZa6xmMgFvhO32x7/3J/ExcTd6qpxM0vH2GdMI+poehyBZvqfMTto8A==}

  form-data@4.0.5:
    resolution: {integrity: sha512-8RipRLol37bNs2bhoV67fiTEvdTrbMUYcFTiy3+wuuOnUog2QBHCZWXDRijWQfAkhBj2Uf5UnVaiWwA5vdd82w==}
    engines: {node: '>= 6'}

  formdata-node@4.4.1:
    resolution: {integrity: sha512-0iirZp3uVDjVGt9p49aTaqjk84TrglENEDuqfdlZQ1roC9CWlPk6Avf8EEnZNcAqPonwkG35x4n3ww/1THYAeQ==}
    engines: {node: '>= 12.20'}

  fsevents@2.3.3:
    resolution: {integrity: sha512-5xoDfX+fL7faATnagmWPpbFtwh/R77WmMMqqHGS65C3vvB0YHrgF+B1YmZ3441tMj5n63k0212XNoJwzlhffQw==}
    engines: {node: ^8.16.0 || ^10.6.0 || >=11.0.0}
    os: [darwin]

  function-bind@1.1.2:
    resolution: {integrity: sha512-7XHNxH7qX9xG5mIwxkhumTox/MIRNcOgDrxWsMt2pAr23WHp6MrRlN7FBSFpCpr+oVO0F744iUgR82nJMfG2SA==}

  get-caller-file@2.0.5:
    resolution: {integrity: sha512-DyFP3BM/3YHTQOCUL/w0OZHR0lpKeGrxotcHWcqNEdnltqFwXVfhEBQ94eIo34AfQpo0rGki4cyIiftY06h2Fg==}
    engines: {node: 6.* || 8.* || >= 10.*}

  get-intrinsic@1.3.0:
    resolution: {integrity: sha512-9fSjSaos/fRIVIp+xSJlE6lfwhES7LNtKaCBIamHsjr2na1BiABJPo0mOjjz8GJDURarmCPGqaiVg5mfjb98CQ==}
    engines: {node: '>= 0.4'}

  get-proto@1.0.1:
    resolution: {integrity: sha512-sTSfBjoXBp89JvIKIefqw7U2CCebsc74kiY6awiGogKtoSGbgjYE/G/+l9sF3MWFPNc9IcoOC4ODfKHfxFmp0g==}
    engines: {node: '>= 0.4'}

  get-tsconfig@4.13.7:
    resolution: {integrity: sha512-7tN6rFgBlMgpBML5j8typ92BKFi2sFQvIdpAqLA2beia5avZDrMs0FLZiM5etShWq5irVyGcGMEA1jcDaK7A/Q==}

  glob@13.0.6:
    resolution: {integrity: sha512-Wjlyrolmm8uDpm/ogGyXZXb1Z+Ca2B8NbJwqBVg0axK9GbBeoS7yGV6vjXnYdGm6X53iehEuxxbyiKp8QmN4Vw==}
    engines: {node: 18 || 20 || >=22}

  gopd@1.2.0:
    resolution: {integrity: sha512-ZUKRh6/kUFoAiTAtTYPZJ3hw9wNxx+BIBOijnlG9PnrJsCcSjs1wyyD6vJpaYtgnzDrKYRSqf3OO6Rfa93xsRg==}
    engines: {node: '>= 0.4'}

  has-flag@4.0.0:
    resolution: {integrity: sha512-EykJT/Q1KjTWctppgIAgfSO0tKVuZUjhgMr17kqTumMl6Afv3EISleU7qZUzoXDFTAHTDC4NOoG/ZxU3EvlMPQ==}
    engines: {node: '>=8'}

  has-symbols@1.1.0:
    resolution: {integrity: sha512-1cDNdwJ2Jaohmb3sg4OmKaMBwuC48sYni5HUw2DvsC8LjGTLK9h+eb1X6RyuOHe4hT0ULCW68iomhjUoKUqlPQ==}
    engines: {node: '>= 0.4'}

  has-tostringtag@1.0.2:
    resolution: {integrity: sha512-NqADB8VjPFLM2V0VvHUewwwsw0ZWBaIdgo+ieHtK3hasLz4qeCRjYcqfB6AQrBggRKppKF8L52/VqdVsO47Dlw==}
    engines: {node: '>= 0.4'}

  hasown@2.0.2:
    resolution: {integrity: sha512-0hJU9SCPvmMzIBdZFqNPXWa6dqh7WdH0cII9y+CyS8rG3nL48Bclra9HmKhVVUHyPWNH5Y7xDwAB7bfgSjkUMQ==}
    engines: {node: '>= 0.4'}

  html-escaper@2.0.2:
    resolution: {integrity: sha512-H2iMtd0I4Mt5eYiapRdIDjp+XzelXQ0tFE4JS7YFwFevXXMmOp9myNrUvCg0D6ws8iqkRPBfKHgbwig1SmlLfg==}

  humanize-ms@1.2.1:
    resolution: {integrity: sha512-Fl70vYtsAFb/C06PTS9dZBo7ihau+Tu/DNCk/OyHhea07S+aeMWpFFkUaXRa8fI+ScZbEI8dfSxwY7gxZ9SAVQ==}

  is-fullwidth-code-point@3.0.0:
    resolution: {integrity: sha512-zymm5+u+sCsSWyD9qNaejV3DFvhCKclKdizYaJUuHA83RLjb7nSuGnddCHGv0hk+KY7BMAlsWeK4Ueg6EV6XQg==}
    engines: {node: '>=8'}

  isexe@2.0.0:
    resolution: {integrity: sha512-RHxMLp9lnKHGHRng9QFhRCMbYAcVpn69smSGcq3f36xjgVVWThj4qqLbTLlq7Ssj8B+fIQ1EuCEGI2lKsyQeIw==}

  istanbul-lib-coverage@3.2.2:
    resolution: {integrity: sha512-O8dpsF+r0WV/8MNRKfnmrtCWhuKjxrq2w+jpzBL5UZKTi2LeVWnWOmWRxFlesJONmc+wLAGvKQZEOanko0LFTg==}
    engines: {node: '>=8'}

  istanbul-lib-report@3.0.1:
    resolution: {integrity: sha512-GCfE1mtsHGOELCU8e/Z7YWzpmybrx/+dSTfLrvY8qRmaY6zXTKWn6WQIjaAFw069icm6GVMNkgu0NzI4iPZUNw==}
    engines: {node: '>=10'}

  istanbul-reports@3.2.0:
    resolution: {integrity: sha512-HGYWWS/ehqTV3xN10i23tkPkpH46MLCIMFNCaaKNavAXTF1RkqxawEPtnjnGZ6XKSInBKkiOA5BKS+aZiY3AvA==}
    engines: {node: '>=8'}

  locate-path@6.0.0:
    resolution: {integrity: sha512-iPZK6eYjbxRu3uB4/WZ3EsEIMJFMqAoopl3R+zuq0UjcAm/MO6KCweDgPfP3elTztoKP3KtnVHxTn2NHBSDVUw==}
    engines: {node: '>=10'}

  lru-cache@11.2.7:
    resolution: {integrity: sha512-aY/R+aEsRelme17KGQa/1ZSIpLpNYYrhcrepKTZgE+W3WM16YMCaPwOHLHsmopZHELU0Ojin1lPVxKR0MihncA==}
    engines: {node: 20 || >=22}

  make-dir@4.0.0:
    resolution: {integrity: sha512-hXdUTZYIVOt1Ex//jAQi+wTZZpUpwBj/0QsOzqegb3rGMMeJiSEu5xLHnYfBrRV4RH2+OCSOO95Is/7x1WJ4bw==}
    engines: {node: '>=10'}

  math-intrinsics@1.1.0:
    resolution: {integrity: sha512-/IXtbwEk5HTPyEwyKX6hGkYXxM9nbj64B+ilVJnC/R6B0pH5G4V3b0pVbL7DBj4tkhBAppbQUlf6F6Xl9LHu1g==}
    engines: {node: '>= 0.4'}

  mime-db@1.52.0:
    resolution: {integrity: sha512-sPU4uV7dYlvtWJxwwxHD0PuihVNiE7TyAbQ5SWxDCB9mUYvOgroQOwYQQOKPJ8CIbE+1ETVlOoK1UC2nU3gYvg==}
    engines: {node: '>= 0.6'}

  mime-types@2.1.35:
    resolution: {integrity: sha512-ZDY+bPm5zTTF+YpCrAU9nK0UgICYPT0QtT1NZWFv4s++TNkcgVaT0g6+4R2uI4MjQjzysHB1zxuWL50hzaeXiw==}
    engines: {node: '>= 0.6'}

  minimatch@10.2.5:
    resolution: {integrity: sha512-MULkVLfKGYDFYejP07QOurDLLQpcjk7Fw+7jXS2R2czRQzR56yHRveU5NDJEOviH+hETZKSkIk5c+T23GjFUMg==}
    engines: {node: 18 || 20 || >=22}

  minipass@7.1.3:
    resolution: {integrity: sha512-tEBHqDnIoM/1rXME1zgka9g6Q2lcoCkxHLuc7ODJ5BxbP5d4c2Z5cGgtXAku59200Cx7diuHTOYfSBD8n6mm8A==}
    engines: {node: '>=16 || 14 >=14.17'}

  ms@2.1.3:
    resolution: {integrity: sha512-6FlzubTLZG3J2a/NVCAleEhjzq5oxgHyaCU9yYXvcLsvoVaHJq/s5xXI6/XXP6tz7R9xAOtHnSO/tXtF3WRTlA==}

  node-domexception@1.0.0:
    resolution: {integrity: sha512-/jKZoMpw0F8GRwl4/eLROPA3cfcXtLApP0QzLmUT/HuPCZWyB7IY9ZrMeKw2O/nFIqPQB3PVM9aYm0F312AXDQ==}
    engines: {node: '>=10.5.0'}
    deprecated: Use your platform's native DOMException instead

  node-fetch@2.7.0:
    resolution: {integrity: sha512-c4FRfUm/dbcWZ7U+1Wq0AwCyFL+3nt2bEw05wfxSz+DWpWsitgmSgYmy2dQdWyKC1694ELPqMs/YzUSNozLt8A==}
    engines: {node: 4.x || >=6.0.0}
    peerDependencies:
      encoding: ^0.1.0
    peerDependenciesMeta:
      encoding:
        optional: true

  once@1.4.0:
    resolution: {integrity: sha512-lNaJgI+2Q5URQBkccEKHTQOPaXdUxnZZElQTZY0MFUAuaEqe1E+Nyvgdz/aIyNi6Z9MzO5dv1H8n58/GELp3+w==}

  openai@4.104.0:
    resolution: {integrity: sha512-p99EFNsA/yX6UhVO93f5kJsDRLAg+CTA2RBqdHK4RtK8u5IJw32Hyb2dTGKbnnFmnuoBv5r7Z2CURI9sGZpSuA==}
    hasBin: true
    peerDependencies:
      ws: ^8.18.0
      zod: ^3.23.8
    peerDependenciesMeta:
      ws:
        optional: true
      zod:
        optional: true

  p-limit@3.1.0:
    resolution: {integrity: sha512-TYOanM3wGwNGsZN2cVTYPArw454xnXj5qmWF1bEoAc4+cU/ol7GVh7odevjp1FNHduHc3KZMcFduxU5Xc6uJRQ==}
    engines: {node: '>=10'}

  p-locate@5.0.0:
    resolution: {integrity: sha512-LaNjtRWUBY++zB5nE/NwcaoMylSPk+S+ZHNB1TzdbMJMny6dynpAGt7X/tl/QYq3TIeE6nxHppbo2LGymrG5Pw==}
    engines: {node: '>=10'}

  path-exists@4.0.0:
    resolution: {integrity: sha512-ak9Qy5Q7jYb2Wwcey5Fpvg2KoAc/ZIhLSLOSBmRmygPsGwkVVt0fZa0qrtMz+m6tJTAHfZQ8FnmB4MG4LWy7/w==}
    engines: {node: '>=8'}

  path-key@3.1.1:
    resolution: {integrity: sha512-ojmeN0qd+y0jszEtoY48r0Peq5dwMEkIlCOu6Q5f41lfkswXuKtYrhgoTpLnyIcHm24Uhqx+5Tqm2InSwLhE6Q==}
    engines: {node: '>=8'}

  path-scurry@2.0.2:
    resolution: {integrity: sha512-3O/iVVsJAPsOnpwWIeD+d6z/7PmqApyQePUtCndjatj/9I5LylHvt5qluFaBT3I5h3r1ejfR056c+FCv+NnNXg==}
    engines: {node: 18 || 20 || >=22}

  require-directory@2.1.1:
    resolution: {integrity: sha512-fGxEI7+wsG9xrvdjsrlmL22OMTTiHRwAMroiEeMgq8gzoLC/PQr7RsRDSTLUg/bZAZtF+TVIkHc6/4RIKrui+Q==}
    engines: {node: '>=0.10.0'}

  resolve-pkg-maps@1.0.0:
    resolution: {integrity: sha512-seS2Tj26TBVOC2NIc2rOe2y2ZO7efxITtLZcGSOnHHNOQ7CkiUBfw0Iw2ck6xkIhPwLhKNLS8BO+hEpngQlqzw==}

  semver@7.7.4:
    resolution: {integrity: sha512-vFKC2IEtQnVhpT78h1Yp8wzwrf8CM+MzKMHGJZfBtzhZNycRFnXsHk6E5TxIkkMsgNS7mdX3AGB7x2QM2di4lA==}
    engines: {node: '>=10'}
    hasBin: true

  shebang-command@2.0.0:
    resolution: {integrity: sha512-kHxr2zZpYtdmrN1qDjrrX/Z1rR1kG8Dx+gkpK1G4eXmvXswmcE1hTWBWYUzlraYw1/yZp6YuDY77YtvbN0dmDA==}
    engines: {node: '>=8'}

  shebang-regex@3.0.0:
    resolution: {integrity: sha512-7++dFhtcx3353uBaq8DDR4NuxBetBzC7ZQOhmTQInHEd6bSrXdiEyzCvG07Z44UYdLShWUyXt5M/yhz8ekcb1A==}
    engines: {node: '>=8'}

  signal-exit@4.1.0:
    resolution: {integrity: sha512-bzyZ1e88w9O1iNJbKnOlvYTrWPDl46O1bG0D3XInv+9tkPrxrN8jUUTiFlDkkmKWgn1M6CfIA13SuGqOa9Korw==}
    engines: {node: '>=14'}

  string-width@4.2.3:
    resolution: {integrity: sha512-wKyQRQpjJ0sIp62ErSZdGsjMJWsap5oRNihHhu6G7JVO/9jIB6UyevL+tXuOqrng8j/cxKTWyWUwvSTriiZz/g==}
    engines: {node: '>=8'}

  strip-ansi@6.0.1:
    resolution: {integrity: sha512-Y38VPSHcqkFrCpFnQ9vuSXmquuv5oXOKpGeT6aGrr3o3Gc9AlVa6JBfUSOCnbxGGZF+/0ooI7KrPuUSztUdU5A==}
    engines: {node: '>=8'}

  supports-color@7.2.0:
    resolution: {integrity: sha512-qpCAvRl9stuOHveKsn7HncJRvv501qIacKzQlO/+Lwxc9+0q2wLyv4Dfvt80/DPn2pqOBsJdDiogXGR9+OvwRw==}
    engines: {node: '>=8'}

  test-exclude@8.0.0:
    resolution: {integrity: sha512-ZOffsNrXYggvU1mDGHk54I96r26P8SyMjO5slMKSc7+IWmtB/MQKnEC2fP51imB3/pT6YK5cT5E8f+Dd9KdyOQ==}
    engines: {node: 20 || >=22}

  tr46@0.0.3:
    resolution: {integrity: sha512-N3WMsuqV66lT30CrXNbEjx4GEwlow3v6rr4mCcv6prnfwhS01rkgyFdjPNBYd9br7LpXV1+Emh01fHnq2Gdgrw==}

  tsx@4.21.0:
    resolution: {integrity: sha512-5C1sg4USs1lfG0GFb2RLXsdpXqBSEhAaA/0kPL01wxzpMqLILNxIxIOKiILz+cdg/pLnOUxFYOR5yhHU666wbw==}
    engines: {node: '>=18.0.0'}
    hasBin: true

  typescript@5.9.3:
    resolution: {integrity: sha512-jl1vZzPDinLr9eUt3J/t7V6FgNEw9QjvBPdysz9KfQDD41fQrC2Y4vKQdiaUpFT4bXlb1RHhLpp8wtm6M5TgSw==}
    engines: {node: '>=14.17'}
    hasBin: true

  undici-types@5.26.5:
    resolution: {integrity: sha512-JlCMO+ehdEIKqlFxk6IfVoAUVmgz7cU7zD/h9XZ0qzeosSHmUJVOzSQvvYSYWXkFXC+IfLKSIffhv0sVZup6pA==}

  undici-types@6.21.0:
    resolution: {integrity: sha512-iwDZqg0QAGrg9Rav5H4n0M64c3mkR59cJ6wQp+7C4nI0gsmExaedaYLNO44eT4AtBBwjbTiGPMlt2Md0T9H9JQ==}

  universal-user-agent@6.0.1:
    resolution: {integrity: sha512-yCzhz6FN2wU1NiiQRogkTQszlQSlpWaw8SvVegAc+bDxbzHgh1vX8uIe8OYyMH6DwH+sdTJsgMl36+mSMdRJIQ==}

  v8-to-istanbul@9.3.0:
    resolution: {integrity: sha512-kiGUalWN+rgBJ/1OHZsBtU4rXZOfj/7rKQxULKlIzwzQSvMJUUNgPwJEEh7gU6xEVxC0ahoOBvN2YI8GH6FNgA==}
    engines: {node: '>=10.12.0'}

  web-streams-polyfill@3.3.3:
    resolution: {integrity: sha512-d2JWLCivmZYTSIoge9MsgFCZrt571BikcWGYkjC1khllbTeDlGqZ2D8vD8E/lJa8WGWbb7Plm8/XJYV7IJHZZw==}
    engines: {node: '>= 8'}

  web-streams-polyfill@4.0.0-beta.3:
    resolution: {integrity: sha512-QW95TCTaHmsYfHDybGMwO5IJIM93I/6vTRk+daHTWFPhwh+C8Cg7j7XyKrwrj8Ib6vYXe0ocYNrmzY4xAAN6ug==}
    engines: {node: '>= 14'}

  webidl-conversions@3.0.1:
    resolution: {integrity: sha512-2JAn3z8AR6rjK8Sm8orRC0h/bcl/DqL7tRPdGZ4I1CjdF+EaMLmYxBHyXuKL849eucPFhvBoxMsflfOb8kxaeQ==}

  whatwg-url@5.0.0:
    resolution: {integrity: sha512-saE57nupxk6v3HY35+jzBwYa0rKSy0XR8JSxZPwgLr7ys0IBzhGviA1/TUGJLmSVqs8pb9AnvICXEuOHLprYTw==}

  which@2.0.2:
    resolution: {integrity: sha512-BLI3Tl1TW3Pvl70l3yq3Y64i+awpwXqsGBYWkkqMtnbXgrMD+yj7rhW0kuEDxzJaYXGjEW5ogapKNMEKNMjibA==}
    engines: {node: '>= 8'}
    hasBin: true

  wrap-ansi@7.0.0:
    resolution: {integrity: sha512-YVGIj2kamLSTxw6NsZjoBxfSwsn0ycdesmc4p+Q21c5zPuZ1pl+NfxVdxPtdHvmNVOQ6XSYG4AUtyt/Fi7D16Q==}
    engines: {node: '>=10'}

  wrappy@1.0.2:
    resolution: {integrity: sha512-l4Sp/DRseor9wL6EvV2+TuQn63dMkPjZ/sp9XkghTEbV9KlPS1xUsZ3u7/IQO4wxtcFB4bgpQPRcR3QCvezPcQ==}

  y18n@5.0.8:
    resolution: {integrity: sha512-0pfFzegeDWJHJIAmTLRP2DwHjdF5s7jo9tuztdQxAhINCdvS+3nGINqPd00AphqJR/0LhANUS6/+7SCb98YOfA==}
    engines: {node: '>=10'}

  yargs-parser@21.1.1:
    resolution: {integrity: sha512-tVpsJW7DdjecAiFpbIB1e3qxIQsE6NoPc5/eTdrbbIC4h0LVsWhnoa3g+m2HclBIujHzsxZ4VJVA+GUuc2/LBw==}
    engines: {node: '>=12'}

  yargs@17.7.2:
    resolution: {integrity: sha512-7dSzzRQ++CKnNI/krKnYRV7JKKPUXMEh61soaHKg9mrWEhzFWhFnxPxGl+69cD1Ou63C13NUPCnmIcrvqCuM6w==}
    engines: {node: '>=12'}

  yocto-queue@0.1.0:
    resolution: {integrity: sha512-rVksvsnNCdJ/ohGc6xgPwyN8eheCxsiLM8mxuE/t/mOVqJewPuO1miLpTHQiRgTKCLexL4MeAFVagts7HmNZ2Q==}
    engines: {node: '>=10'}

snapshots:

  '@anthropic-ai/sdk@0.20.9':
    dependencies:
      '@types/node': 18.19.130
      '@types/node-fetch': 2.6.13
      abort-controller: 3.0.0
      agentkeepalive: 4.6.0
      form-data-encoder: 1.7.2
      formdata-node: 4.4.1
      node-fetch: 2.7.0
      web-streams-polyfill: 3.3.3
    transitivePeerDependencies:
      - encoding

  '@bcoe/v8-coverage@1.0.2': {}

  '@esbuild/aix-ppc64@0.27.5':
    optional: true

  '@esbuild/android-arm64@0.27.5':
    optional: true

  '@esbuild/android-arm@0.27.5':
    optional: true

  '@esbuild/android-x64@0.27.5':
    optional: true

  '@esbuild/darwin-arm64@0.27.5':
    optional: true

  '@esbuild/darwin-x64@0.27.5':
    optional: true

  '@esbuild/freebsd-arm64@0.27.5':
    optional: true

  '@esbuild/freebsd-x64@0.27.5':
    optional: true

  '@esbuild/linux-arm64@0.27.5':
    optional: true

  '@esbuild/linux-arm@0.27.5':
    optional: true

  '@esbuild/linux-ia32@0.27.5':
    optional: true

  '@esbuild/linux-loong64@0.27.5':
    optional: true

  '@esbuild/linux-mips64el@0.27.5':
    optional: true

  '@esbuild/linux-ppc64@0.27.5':
    optional: true

  '@esbuild/linux-riscv64@0.27.5':
    optional: true

  '@esbuild/linux-s390x@0.27.5':
    optional: true

  '@esbuild/linux-x64@0.27.5':
    optional: true

  '@esbuild/netbsd-arm64@0.27.5':
    optional: true

  '@esbuild/netbsd-x64@0.27.5':
    optional: true

  '@esbuild/openbsd-arm64@0.27.5':
    optional: true

  '@esbuild/openbsd-x64@0.27.5':
    optional: true

  '@esbuild/openharmony-arm64@0.27.5':
    optional: true

  '@esbuild/sunos-x64@0.27.5':
    optional: true

  '@esbuild/win32-arm64@0.27.5':
    optional: true

  '@esbuild/win32-ia32@0.27.5':
    optional: true

  '@esbuild/win32-x64@0.27.5':
    optional: true

  '@istanbuljs/schema@0.1.3': {}

  '@jridgewell/resolve-uri@3.1.2': {}

  '@jridgewell/sourcemap-codec@1.5.5': {}

  '@jridgewell/trace-mapping@0.3.31':
    dependencies:
      '@jridgewell/resolve-uri': 3.1.2
      '@jridgewell/sourcemap-codec': 1.5.5

  '@octokit/auth-token@4.0.0': {}

  '@octokit/core@5.2.2':
    dependencies:
      '@octokit/auth-token': 4.0.0
      '@octokit/graphql': 7.1.1
      '@octokit/request': 8.4.1
      '@octokit/request-error': 5.1.1
      '@octokit/types': 13.10.0
      before-after-hook: 2.2.3
      universal-user-agent: 6.0.1

  '@octokit/endpoint@9.0.6':
    dependencies:
      '@octokit/types': 13.10.0
      universal-user-agent: 6.0.1

  '@octokit/graphql@7.1.1':
    dependencies:
      '@octokit/request': 8.4.1
      '@octokit/types': 13.10.0
      universal-user-agent: 6.0.1

  '@octokit/openapi-types@24.2.0': {}

  '@octokit/plugin-paginate-rest@11.4.4-cjs.2(@octokit/core@5.2.2)':
    dependencies:
      '@octokit/core': 5.2.2
      '@octokit/types': 13.10.0

  '@octokit/plugin-request-log@4.0.1(@octokit/core@5.2.2)':
    dependencies:
      '@octokit/core': 5.2.2

  '@octokit/plugin-rest-endpoint-methods@13.3.2-cjs.1(@octokit/core@5.2.2)':
    dependencies:
      '@octokit/core': 5.2.2
      '@octokit/types': 13.10.0

  '@octokit/request-error@5.1.1':
    dependencies:
      '@octokit/types': 13.10.0
      deprecation: 2.3.1
      once: 1.4.0

  '@octokit/request@8.4.1':
    dependencies:
      '@octokit/endpoint': 9.0.6
      '@octokit/request-error': 5.1.1
      '@octokit/types': 13.10.0
      universal-user-agent: 6.0.1

  '@octokit/rest@20.1.2':
    dependencies:
      '@octokit/core': 5.2.2
      '@octokit/plugin-paginate-rest': 11.4.4-cjs.2(@octokit/core@5.2.2)
      '@octokit/plugin-request-log': 4.0.1(@octokit/core@5.2.2)
      '@octokit/plugin-rest-endpoint-methods': 13.3.2-cjs.1(@octokit/core@5.2.2)

  '@octokit/types@13.10.0':
    dependencies:
      '@octokit/openapi-types': 24.2.0

  '@types/istanbul-lib-coverage@2.0.6': {}

  '@types/node-fetch@2.6.13':
    dependencies:
      '@types/node': 20.19.37
      form-data: 4.0.5

  '@types/node@18.19.130':
    dependencies:
      undici-types: 5.26.5

  '@types/node@20.19.37':
    dependencies:
      undici-types: 6.21.0

  abort-controller@3.0.0:
    dependencies:
      event-target-shim: 5.0.1

  agentkeepalive@4.6.0:
    dependencies:
      humanize-ms: 1.2.1

  ansi-regex@5.0.1: {}

  ansi-styles@4.3.0:
    dependencies:
      color-convert: 2.0.1

  asynckit@0.4.0: {}

  balanced-match@4.0.4: {}

  before-after-hook@2.2.3: {}

  brace-expansion@5.0.5:
    dependencies:
      balanced-match: 4.0.4

  c8@11.0.0:
    dependencies:
      '@bcoe/v8-coverage': 1.0.2
      '@istanbuljs/schema': 0.1.3
      find-up: 5.0.0
      foreground-child: 3.3.1
      istanbul-lib-coverage: 3.2.2
      istanbul-lib-report: 3.0.1
      istanbul-reports: 3.2.0
      test-exclude: 8.0.0
      v8-to-istanbul: 9.3.0
      yargs: 17.7.2
      yargs-parser: 21.1.1

  call-bind-apply-helpers@1.0.2:
    dependencies:
      es-errors: 1.3.0
      function-bind: 1.1.2

  chalk@5.6.2: {}

  cliui@8.0.1:
    dependencies:
      string-width: 4.2.3
      strip-ansi: 6.0.1
      wrap-ansi: 7.0.0

  color-convert@2.0.1:
    dependencies:
      color-name: 1.1.4

  color-name@1.1.4: {}

  combined-stream@1.0.8:
    dependencies:
      delayed-stream: 1.0.0

  commander@12.1.0: {}

  convert-source-map@2.0.0: {}

  cross-spawn@7.0.6:
    dependencies:
      path-key: 3.1.1
      shebang-command: 2.0.0
      which: 2.0.2

  delayed-stream@1.0.0: {}

  deprecation@2.3.1: {}

  dunder-proto@1.0.1:
    dependencies:
      call-bind-apply-helpers: 1.0.2
      es-errors: 1.3.0
      gopd: 1.2.0

  emoji-regex@8.0.0: {}

  es-define-property@1.0.1: {}

  es-errors@1.3.0: {}

  es-object-atoms@1.1.1:
    dependencies:
      es-errors: 1.3.0

  es-set-tostringtag@2.1.0:
    dependencies:
      es-errors: 1.3.0
      get-intrinsic: 1.3.0
      has-tostringtag: 1.0.2
      hasown: 2.0.2

  esbuild@0.27.5:
    optionalDependencies:
      '@esbuild/aix-ppc64': 0.27.5
      '@esbuild/android-arm': 0.27.5
      '@esbuild/android-arm64': 0.27.5
      '@esbuild/android-x64': 0.27.5
      '@esbuild/darwin-arm64': 0.27.5
      '@esbuild/darwin-x64': 0.27.5
      '@esbuild/freebsd-arm64': 0.27.5
      '@esbuild/freebsd-x64': 0.27.5
      '@esbuild/linux-arm': 0.27.5
      '@esbuild/linux-arm64': 0.27.5
      '@esbuild/linux-ia32': 0.27.5
      '@esbuild/linux-loong64': 0.27.5
      '@esbuild/linux-mips64el': 0.27.5
      '@esbuild/linux-ppc64': 0.27.5
      '@esbuild/linux-riscv64': 0.27.5
      '@esbuild/linux-s390x': 0.27.5
      '@esbuild/linux-x64': 0.27.5
      '@esbuild/netbsd-arm64': 0.27.5
      '@esbuild/netbsd-x64': 0.27.5
      '@esbuild/openbsd-arm64': 0.27.5
      '@esbuild/openbsd-x64': 0.27.5
      '@esbuild/openharmony-arm64': 0.27.5
      '@esbuild/sunos-x64': 0.27.5
      '@esbuild/win32-arm64': 0.27.5
      '@esbuild/win32-ia32': 0.27.5
      '@esbuild/win32-x64': 0.27.5

  escalade@3.2.0: {}

  event-target-shim@5.0.1: {}

  find-up@5.0.0:
    dependencies:
      locate-path: 6.0.0
      path-exists: 4.0.0

  foreground-child@3.3.1:
    dependencies:
      cross-spawn: 7.0.6
      signal-exit: 4.1.0

  form-data-encoder@1.7.2: {}

  form-data@4.0.5:
    dependencies:
      asynckit: 0.4.0
      combined-stream: 1.0.8
      es-set-tostringtag: 2.1.0
      hasown: 2.0.2
      mime-types: 2.1.35

  formdata-node@4.4.1:
    dependencies:
      node-domexception: 1.0.0
      web-streams-polyfill: 4.0.0-beta.3

  fsevents@2.3.3:
    optional: true

  function-bind@1.1.2: {}

  get-caller-file@2.0.5: {}

  get-intrinsic@1.3.0:
    dependencies:
      call-bind-apply-helpers: 1.0.2
      es-define-property: 1.0.1
      es-errors: 1.3.0
      es-object-atoms: 1.1.1
      function-bind: 1.1.2
      get-proto: 1.0.1
      gopd: 1.2.0
      has-symbols: 1.1.0
      hasown: 2.0.2
      math-intrinsics: 1.1.0

  get-proto@1.0.1:
    dependencies:
      dunder-proto: 1.0.1
      es-object-atoms: 1.1.1

  get-tsconfig@4.13.7:
    dependencies:
      resolve-pkg-maps: 1.0.0

  glob@13.0.6:
    dependencies:
      minimatch: 10.2.5
      minipass: 7.1.3
      path-scurry: 2.0.2

  gopd@1.2.0: {}

  has-flag@4.0.0: {}

  has-symbols@1.1.0: {}

  has-tostringtag@1.0.2:
    dependencies:
      has-symbols: 1.1.0

  hasown@2.0.2:
    dependencies:
      function-bind: 1.1.2

  html-escaper@2.0.2: {}

  humanize-ms@1.2.1:
    dependencies:
      ms: 2.1.3

  is-fullwidth-code-point@3.0.0: {}

  isexe@2.0.0: {}

  istanbul-lib-coverage@3.2.2: {}

  istanbul-lib-report@3.0.1:
    dependencies:
      istanbul-lib-coverage: 3.2.2
      make-dir: 4.0.0
      supports-color: 7.2.0

  istanbul-reports@3.2.0:
    dependencies:
      html-escaper: 2.0.2
      istanbul-lib-report: 3.0.1

  locate-path@6.0.0:
    dependencies:
      p-locate: 5.0.0

  lru-cache@11.2.7: {}

  make-dir@4.0.0:
    dependencies:
      semver: 7.7.4

  math-intrinsics@1.1.0: {}

  mime-db@1.52.0: {}

  mime-types@2.1.35:
    dependencies:
      mime-db: 1.52.0

  minimatch@10.2.5:
    dependencies:
      brace-expansion: 5.0.5

  minipass@7.1.3: {}

  ms@2.1.3: {}

  node-domexception@1.0.0: {}

  node-fetch@2.7.0:
    dependencies:
      whatwg-url: 5.0.0

  once@1.4.0:
    dependencies:
      wrappy: 1.0.2

  openai@4.104.0:
    dependencies:
      '@types/node': 18.19.130
      '@types/node-fetch': 2.6.13
      abort-controller: 3.0.0
      agentkeepalive: 4.6.0
      form-data-encoder: 1.7.2
      formdata-node: 4.4.1
      node-fetch: 2.7.0
    transitivePeerDependencies:
      - encoding

  p-limit@3.1.0:
    dependencies:
      yocto-queue: 0.1.0

  p-locate@5.0.0:
    dependencies:
      p-limit: 3.1.0

  path-exists@4.0.0: {}

  path-key@3.1.1: {}

  path-scurry@2.0.2:
    dependencies:
      lru-cache: 11.2.7
      minipass: 7.1.3

  require-directory@2.1.1: {}

  resolve-pkg-maps@1.0.0: {}

  semver@7.7.4: {}

  shebang-command@2.0.0:
    dependencies:
      shebang-regex: 3.0.0

  shebang-regex@3.0.0: {}

  signal-exit@4.1.0: {}

  string-width@4.2.3:
    dependencies:
      emoji-regex: 8.0.0
      is-fullwidth-code-point: 3.0.0
      strip-ansi: 6.0.1

  strip-ansi@6.0.1:
    dependencies:
      ansi-regex: 5.0.1

  supports-color@7.2.0:
    dependencies:
      has-flag: 4.0.0

  test-exclude@8.0.0:
    dependencies:
      '@istanbuljs/schema': 0.1.3
      glob: 13.0.6
      minimatch: 10.2.5

  tr46@0.0.3: {}

  tsx@4.21.0:
    dependencies:
      esbuild: 0.27.5
      get-tsconfig: 4.13.7
    optionalDependencies:
      fsevents: 2.3.3

  typescript@5.9.3: {}

  undici-types@5.26.5: {}

  undici-types@6.21.0: {}

  universal-user-agent@6.0.1: {}

  v8-to-istanbul@9.3.0:
    dependencies:
      '@jridgewell/trace-mapping': 0.3.31
      '@types/istanbul-lib-coverage': 2.0.6
      convert-source-map: 2.0.0

  web-streams-polyfill@3.3.3: {}

  web-streams-polyfill@4.0.0-beta.3: {}

  webidl-conversions@3.0.1: {}

  whatwg-url@5.0.0:
    dependencies:
      tr46: 0.0.3
      webidl-conversions: 3.0.1

  which@2.0.2:
    dependencies:
      isexe: 2.0.0

  wrap-ansi@7.0.0:
    dependencies:
      ansi-styles: 4.3.0
      string-width: 4.2.3
      strip-ansi: 6.0.1

  wrappy@1.0.2: {}

  y18n@5.0.8: {}

  yargs-parser@21.1.1: {}

  yargs@17.7.2:
    dependencies:
      cliui: 8.0.1
      escalade: 3.2.0
      get-caller-file: 2.0.5
      require-directory: 2.1.1
      string-width: 4.2.3
      y18n: 5.0.8
      yargs-parser: 21.1.1

  yocto-queue@0.1.0: {}
